
Microsoft Visual Studio Solution File, Format Version 12.00
# Visual Studio 15
VisualStudioVersion = 15.0.26124.0
MinimumVisualStudioVersion = 15.0.26124.0
Project("{FAE04EC0-301F-11D3-BF4B-00C04F79EFBC}") = "WebRestaurantes.WebAPI", "WebRestaurantes.WebAPI\WebRestaurantes.WebAPI.csproj", "{922C5306-BCE3-431B-91A1-AAE9A684EDF9}"
EndProject
Project("{FAE04EC0-301F-11D3-BF4B-00C04F79EFBC}") = "WebRestaurantes.Domain", "WebRestaurantes.Domain\WebRestaurantes.Domain.csproj", "{E8499B7D-C1BA-4BE2-B3F0-90E46F26BBC0}"
EndProject
Project("{FAE04EC0-301F-11D3-BF4B-00C04F79EFBC}") = "WebRestaurantes.Repository", "WebRestaurantes.Repository\WebRestaurantes.Repository.csproj", "{FF44E514-39D1-4F8E-8F8D-233FDAA28560}"
EndProject
Global
	GlobalSection(SolutionConfigurationPlatforms) = preSolution
		Debug|Any CPU = Debug|Any CPU
		Debug|x64 = Debug|x64
		Debug|x86 = Debug|x86
		Release|Any CPU = Release|Any CPU
		Release|x64 = Release|x64
		Release|x86 = Release|x86
	EndGlobalSection
	GlobalSection(SolutionProperties) = preSolution
		HideSolutionNode = FALSE
	EndGlobalSection
	GlobalSection(ProjectConfigurationPlatforms) = postSolution
		{922C5306-BCE3-431B-91A1-AAE9A684EDF9}.Debug|Any CPU.ActiveCfg = Debug|Any CPU
		{922C5306-BCE3-431B-91A1-AAE9A684EDF9}.Debug|Any CPU.Build.0 = Debug|Any CPU
		{922C5306-BCE3-431B-91A1-AAE9A684EDF9}.Debug|x64.ActiveCfg = Debug|Any CPU
		{922C5306-BCE3-431B-91A1-AAE9A684EDF9}.Debug|x64.Build.0 = Debug|Any CPU
		{922C5306-BCE3-431B-91A1-AAE9A684EDF9}.Debug|x86.ActiveCfg = Debug|Any CPU
		{922C5306-BCE3-431B-91A1-AAE9A684EDF9}.Debug|x86.Build.0 = Debug|Any CPU
		{922C5306-BCE3-431B-91A1-AAE9A684EDF9}.Release|Any CPU.ActiveCfg = Release|Any CPU
		{922C5306-BCE3-431B-91A1-AAE9A684EDF9}.Release|Any CPU.Build.0 = Release|Any CPU
		{922C5306-BCE3-431B-91A1-AAE9A684EDF9}.Release|x64.ActiveCfg = Release|Any CPU
		{922C5306-BCE3-431B-91A1-AAE9A684EDF9}.Release|x64.Build.0 = Release|Any CPU
		{922C5306-BCE3-431B-91A1-AAE9A684EDF9}.Release|x86.ActiveCfg = Release|Any CPU
		{922C5306-BCE3-431B-91A1-AAE9A684EDF9}.Release|x86.Build.0 = Release|Any CPU
		{E8499B7D-C1BA-4BE2-B3F0-90E46F26BBC0}.Debug|Any CPU.ActiveCfg = Debug|Any CPU
		{E8499B7D-C1BA-4BE2-B3F0-90E46F26BBC0}.Debug|Any CPU.Build.0 = Debug|Any CPU
		{E8499B7D-C1BA-4BE2-B3F0-90E46F26BBC0}.Debug|x64.ActiveCfg = Debug|Any CPU
		{E8499B7D-C1BA-4BE2-B3F0-90E46F26BBC0}.Debug|x64.Build.0 = Debug|Any CPU
		{E8499B7D-C1BA-4BE2-B3F0-90E46F26BBC0}.Debug|x86.ActiveCfg = Debug|Any CPU
		{E8499B7D-C1BA-4BE2-B3F0-90E46F26BBC0}.Debug|x86.Build.0 = Debug|Any CPU
		{E8499B7D-C1BA-4BE2-B3F0-90E46F26BBC0}.Release|Any CPU.ActiveCfg = Release|Any CPU
		{E8499B7D-C1BA-4BE2-B3F0-90E46F26BBC0}.Release|Any CPU.Build.0 = Release|Any CPU
		{E8499B7D-C1BA-4BE2-B3F0-90E46F26BBC0}.Release|x64.ActiveCfg = Release|Any CPU
		{E8499B7D-C1BA-4BE2-B3F0-90E46F26BBC0}.Release|x64.Build.0 = Release|Any CPU
		{E8499B7D-C1BA-4BE2-B3F0-90E46F26BBC0}.Release|x86.ActiveCfg = Release|Any CPU
		{E8499B7D-C1BA-4BE2-B3F0-90E46F26BBC0}.Release|x86.Build.0 = Release|Any CPU
		{FF44E514-39D1-4F8E-8F8D-233FDAA28560}.Debug|Any CPU.ActiveCfg = Debug|Any CPU
		{FF44E514-39D1-4F8E-8F8D-233FDAA28560}.Debug|Any CPU.Build.0 = Debug|Any CPU
		{FF44E514-39D1-4F8E-8F8D-233FDAA28560}.Debug|x64.ActiveCfg = Debug|Any CPU
		{FF44E514-39D1-4F8E-8F8D-233FDAA28560}.Debug|x64.Build.0 = Debug|Any CPU
		{FF44E514-39D1-4F8E-8F8D-233FDAA28560}.Debug|x86.ActiveCfg = Debug|Any CPU
		{FF44E514-39D1-4F8E-8F8D-233FDAA28560}.Debug|x86.Build.0 = Debug|Any CPU
		{FF44E514-39D1-4F8E-8F8D-233FDAA28560}.Release|Any CPU.ActiveCfg = Release|Any CPU
		{FF44E514-39D1-4F8E-8F8D-233FDAA28560}.Release|Any CPU.Build.0 = Release|Any CPU
		{FF44E514-39D1-4F8E-8F8D-233FDAA28560}.Release|x64.ActiveCfg = Release|Any CPU
		{FF44E514-39D1-4F8E-8F8D-233FDAA28560}.Release|x64.Build.0 = Release|Any CPU
		{FF44E514-39D1-4F8E-8F8D-233FDAA28560}.Release|x86.ActiveCfg = Release|Any CPU
		{FF44E514-39D1-4F8E-8F8D-233FDAA28560}.Release|x86.Build.0 = Release|Any CPU
	EndGlobalSection
EndGlobal
